# This file was autogenerated by Stack.
# You should not edit this file by hand.
# For more information, please see the documentation at:
#   https://docs.haskellstack.org/en/stable/lock_files

packages:
- completed:
    hackage: unescaping-print-0.1@sha256:12774feb474d20ac3041d577b6307730c7376127f59bc79612d599a56d5009d8,1397
    pantry-tree:
      sha256: b32edaf8cdef31ef02a0363e629ddf4949a6490777a6a797617f5dd376a46fce
      size: 371
  original:
    hackage: unescaping-print-0.1@sha256:12774feb474d20ac3041d577b6307730c7376127f59bc79612d599a56d5009d8,1397
snapshots:
- completed:
    sha256: 08bd13ce621b41a8f5e51456b38d5b46d7783ce114a50ab604d6bbab0d002146
    size: 720271
    url: https://raw.githubusercontent.com/commercialhaskell/stackage-snapshots/master/lts/22/43.yaml
  original:
    url: https://raw.githubusercontent.com/commercialhaskell/stackage-snapshots/master/lts/22/43.yaml
